PODS:
  - Flutter (1.0.0)
  - native_binding (0.0.1):
    - Flutter

DEPENDENCIES:
  - Flutter (from `Flutter`)
  - native_binding (from `.symlinks/plugins/native_binding/ios`)

EXTERNAL SOURCES:
  Flutter:
    :path: Flutter
  native_binding:
    :path: ".symlinks/plugins/native_binding/ios"

SPEC CHECKSUMS:
  Flutter: f04841e97a9d0b0a8025694d0796dd46242b2854
  native_binding: 7fe80dd7e7a0cde61379d6ef8e9a5532aa4e910f

PODFILE CHECKSUM: 70d9d25280d0dd177a5f637cdb0f0b0b12c6a189

COCOAPODS: 1.14.2
